
Microsoft Visual Studio Solution File, Format Version 12.00
# Visual Studio 15
VisualStudioVersion = 15.0.28307.168
MinimumVisualStudioVersion = 10.0.40219.1
Project("{9A19103F-16F7-4668-BE54-9A1E7A4F7556}") = "1. Domain", "Khata.Domain\1. Domain.csproj", "{53C9567F-A987-40A7-BCF7-C7D8D23CD371}"
EndProject
Project("{9A19103F-16F7-4668-BE54-9A1E7A4F7556}") = "2. Data", "Khata.Data\2. Data.csproj", "{89CA6B76-08ED-41F4-B14A-3D11D96FD9E6}"
EndProject
Project("{9A19103F-16F7-4668-BE54-9A1E7A4F7556}") = "4. Web", "Khata.Web\4. Web.csproj", "{17BA53BE-75B7-4283-9B9A-4A670E7D482E}"
EndProject
Project("{9A19103F-16F7-4668-BE54-9A1E7A4F7556}") = "3. Services", "Khata.Services\3. Services.csproj", "{262F7466-F93D-4030-93C4-4F13FE660E8E}"
EndProject
Project("{FAE04EC0-301F-11D3-BF4B-00C04F79EFBC}") = "Services.Tests", "Services.Tests\Services.Tests.csproj", "{A2C21E70-EF7A-48BC-BED2-2269D4EDCEB3}"
EndProject
Global
	GlobalSection(SolutionConfigurationPlatforms) = preSolution
		Debug|Any CPU = Debug|Any CPU
		Release|Any CPU = Release|Any CPU
	EndGlobalSection
	GlobalSection(ProjectConfigurationPlatforms) = postSolution
		{53C9567F-A987-40A7-BCF7-C7D8D23CD371}.Debug|Any CPU.ActiveCfg = Debug|Any CPU
		{53C9567F-A987-40A7-BCF7-C7D8D23CD371}.Debug|Any CPU.Build.0 = Debug|Any CPU
		{53C9567F-A987-40A7-BCF7-C7D8D23CD371}.Release|Any CPU.ActiveCfg = Release|Any CPU
		{53C9567F-A987-40A7-BCF7-C7D8D23CD371}.Release|Any CPU.Build.0 = Release|Any CPU
		{89CA6B76-08ED-41F4-B14A-3D11D96FD9E6}.Debug|Any CPU.ActiveCfg = Debug|Any CPU
		{89CA6B76-08ED-41F4-B14A-3D11D96FD9E6}.Debug|Any CPU.Build.0 = Debug|Any CPU
		{89CA6B76-08ED-41F4-B14A-3D11D96FD9E6}.Release|Any CPU.ActiveCfg = Release|Any CPU
		{89CA6B76-08ED-41F4-B14A-3D11D96FD9E6}.Release|Any CPU.Build.0 = Release|Any CPU
		{17BA53BE-75B7-4283-9B9A-4A670E7D482E}.Debug|Any CPU.ActiveCfg = Debug|Any CPU
		{17BA53BE-75B7-4283-9B9A-4A670E7D482E}.Debug|Any CPU.Build.0 = Debug|Any CPU
		{17BA53BE-75B7-4283-9B9A-4A670E7D482E}.Release|Any CPU.ActiveCfg = Release|Any CPU
		{17BA53BE-75B7-4283-9B9A-4A670E7D482E}.Release|Any CPU.Build.0 = Release|Any CPU
		{262F7466-F93D-4030-93C4-4F13FE660E8E}.Debug|Any CPU.ActiveCfg = Debug|Any CPU
		{262F7466-F93D-4030-93C4-4F13FE660E8E}.Debug|Any CPU.Build.0 = Debug|Any CPU
		{262F7466-F93D-4030-93C4-4F13FE660E8E}.Release|Any CPU.ActiveCfg = Release|Any CPU
		{262F7466-F93D-4030-93C4-4F13FE660E8E}.Release|Any CPU.Build.0 = Release|Any CPU
		{A2C21E70-EF7A-48BC-BED2-2269D4EDCEB3}.Debug|Any CPU.ActiveCfg = Debug|Any CPU
		{A2C21E70-EF7A-48BC-BED2-2269D4EDCEB3}.Debug|Any CPU.Build.0 = Debug|Any CPU
		{A2C21E70-EF7A-48BC-BED2-2269D4EDCEB3}.Release|Any CPU.ActiveCfg = Release|Any CPU
		{A2C21E70-EF7A-48BC-BED2-2269D4EDCEB3}.Release|Any CPU.Build.0 = Release|Any CPU
	EndGlobalSection
	GlobalSection(SolutionProperties) = preSolution
		HideSolutionNode = FALSE
	EndGlobalSection
	GlobalSection(ExtensibilityGlobals) = postSolution
		SolutionGuid = {A95CA21B-37B2-40A5-92DB-A31BD92E18CD}
	EndGlobalSection
EndGlobal
