
Microsoft Visual Studio Solution File, Format Version 12.00
# Visual Studio Version 16
VisualStudioVersion = 16.0.28407.52
MinimumVisualStudioVersion = 10.0.40219.1
Project("{9A19103F-16F7-4668-BE54-9A1E7A4F7556}") = "Khata", "Khata.Domain\Khata.csproj", "{53C9567F-A987-40A7-BCF7-C7D8D23CD371}"
EndProject
Project("{9A19103F-16F7-4668-BE54-9A1E7A4F7556}") = "Data", "Khata.Data\Data.csproj", "{89CA6B76-08ED-41F4-B14A-3D11D96FD9E6}"
EndProject
Project("{9A19103F-16F7-4668-BE54-9A1E7A4F7556}") = "WebUI", "Khata.Web\WebUI.csproj", "{17BA53BE-75B7-4283-9B9A-4A670E7D482E}"
EndProject
Project("{9A19103F-16F7-4668-BE54-9A1E7A4F7556}") = "Services", "Khata.Services\Services.csproj", "{262F7466-F93D-4030-93C4-4F13FE660E8E}"
EndProject
Project("{9A19103F-16F7-4668-BE54-9A1E7A4F7556}") = "Services.Tests", "Services.Tests\Services.Tests.csproj", "{A2C21E70-EF7A-48BC-BED2-2269D4EDCEB3}"
EndProject
Project("{9A19103F-16F7-4668-BE54-9A1E7A4F7556}") = "StonedExtensions", "..\StonedExtensions\StonedExtensions\StonedExtensions.csproj", "{306642D1-8395-4B42-A3E8-55A1571DBA3D}"
EndProject
Global
	GlobalSection(SolutionConfigurationPlatforms) = preSolution
		Debug|Any CPU = Debug|Any CPU
		Release|Any CPU = Release|Any CPU
	EndGlobalSection
	GlobalSection(ProjectConfigurationPlatforms) = postSolution
		{53C9567F-A987-40A7-BCF7-C7D8D23CD371}.Debug|Any CPU.ActiveCfg = Debug|Any CPU
		{53C9567F-A987-40A7-BCF7-C7D8D23CD371}.Debug|Any CPU.Build.0 = Debug|Any CPU
		{53C9567F-A987-40A7-BCF7-C7D8D23CD371}.Release|Any CPU.ActiveCfg = Release|Any CPU
		{53C9567F-A987-40A7-BCF7-C7D8D23CD371}.Release|Any CPU.Build.0 = Release|Any CPU
		{89CA6B76-08ED-41F4-B14A-3D11D96FD9E6}.Debug|Any CPU.ActiveCfg = Debug|Any CPU
		{89CA6B76-08ED-41F4-B14A-3D11D96FD9E6}.Debug|Any CPU.Build.0 = Debug|Any CPU
		{89CA6B76-08ED-41F4-B14A-3D11D96FD9E6}.Release|Any CPU.ActiveCfg = Release|Any CPU
		{89CA6B76-08ED-41F4-B14A-3D11D96FD9E6}.Release|Any CPU.Build.0 = Release|Any CPU
		{17BA53BE-75B7-4283-9B9A-4A670E7D482E}.Debug|Any CPU.ActiveCfg = Debug|Any CPU
		{17BA53BE-75B7-4283-9B9A-4A670E7D482E}.Debug|Any CPU.Build.0 = Debug|Any CPU
		{17BA53BE-75B7-4283-9B9A-4A670E7D482E}.Release|Any CPU.ActiveCfg = Release|Any CPU
		{17BA53BE-75B7-4283-9B9A-4A670E7D482E}.Release|Any CPU.Build.0 = Release|Any CPU
		{262F7466-F93D-4030-93C4-4F13FE660E8E}.Debug|Any CPU.ActiveCfg = Debug|Any CPU
		{262F7466-F93D-4030-93C4-4F13FE660E8E}.Debug|Any CPU.Build.0 = Debug|Any CPU
		{262F7466-F93D-4030-93C4-4F13FE660E8E}.Release|Any CPU.ActiveCfg = Release|Any CPU
		{262F7466-F93D-4030-93C4-4F13FE660E8E}.Release|Any CPU.Build.0 = Release|Any CPU
		{A2C21E70-EF7A-48BC-BED2-2269D4EDCEB3}.Debug|Any CPU.ActiveCfg = Debug|Any CPU
		{A2C21E70-EF7A-48BC-BED2-2269D4EDCEB3}.Debug|Any CPU.Build.0 = Debug|Any CPU
		{A2C21E70-EF7A-48BC-BED2-2269D4EDCEB3}.Release|Any CPU.ActiveCfg = Release|Any CPU
		{A2C21E70-EF7A-48BC-BED2-2269D4EDCEB3}.Release|Any CPU.Build.0 = Release|Any CPU
		{306642D1-8395-4B42-A3E8-55A1571DBA3D}.Debug|Any CPU.ActiveCfg = Debug|Any CPU
		{306642D1-8395-4B42-A3E8-55A1571DBA3D}.Debug|Any CPU.Build.0 = Debug|Any CPU
		{306642D1-8395-4B42-A3E8-55A1571DBA3D}.Release|Any CPU.ActiveCfg = Release|Any CPU
		{306642D1-8395-4B42-A3E8-55A1571DBA3D}.Release|Any CPU.Build.0 = Release|Any CPU
	EndGlobalSection
	GlobalSection(SolutionProperties) = preSolution
		HideSolutionNode = FALSE
	EndGlobalSection
	GlobalSection(ExtensibilityGlobals) = postSolution
		SolutionGuid = {A95CA21B-37B2-40A5-92DB-A31BD92E18CD}
	EndGlobalSection
EndGlobal
